
Microsoft Visual Studio Solution File, Format Version 12.00
# Visual Studio 2013
VisualStudioVersion = 12.0.31101.0
MinimumVisualStudioVersion = 10.0.40219.1
Project("{FAE04EC0-301F-11D3-BF4B-00C04F79EFBC}") = "WcfService1", "WcfService1\WcfService1.csproj", "{BE1E95EB-365D-4BAC-9A85-7D8955BC0118}"
EndProject
Project("{FAE04EC0-301F-11D3-BF4B-00C04F79EFBC}") = "Client", "Client\Client.csproj", "{CEB6B6A6-2C62-493D-9A7D-EBC766DD6C20}"
	ProjectSection(ProjectDependencies) = postProject
		{BE1E95EB-365D-4BAC-9A85-7D8955BC0118} = {BE1E95EB-365D-4BAC-9A85-7D8955BC0118}
	EndProjectSection
EndProject
Global
	GlobalSection(SolutionConfigurationPlatforms) = preSolution
		Debug|Any CPU = Debug|Any CPU
		Release|Any CPU = Release|Any CPU
	EndGlobalSection
	GlobalSection(ProjectConfigurationPlatforms) = postSolution
		{BE1E95EB-365D-4BAC-9A85-7D8955BC0118}.Debug|Any CPU.ActiveCfg = Debug|Any CPU
		{BE1E95EB-365D-4BAC-9A85-7D8955BC0118}.Debug|Any CPU.Build.0 = Debug|Any CPU
		{BE1E95EB-365D-4BAC-9A85-7D8955BC0118}.Release|Any CPU.ActiveCfg = Release|Any CPU
		{BE1E95EB-365D-4BAC-9A85-7D8955BC0118}.Release|Any CPU.Build.0 = Release|Any CPU
		{CEB6B6A6-2C62-493D-9A7D-EBC766DD6C20}.Debug|Any CPU.ActiveCfg = Debug|Any CPU
		{CEB6B6A6-2C62-493D-9A7D-EBC766DD6C20}.Debug|Any CPU.Build.0 = Debug|Any CPU
		{CEB6B6A6-2C62-493D-9A7D-EBC766DD6C20}.Release|Any CPU.ActiveCfg = Release|Any CPU
		{CEB6B6A6-2C62-493D-9A7D-EBC766DD6C20}.Release|Any CPU.Build.0 = Release|Any CPU
	EndGlobalSection
	GlobalSection(SolutionProperties) = preSolution
		HideSolutionNode = FALSE
	EndGlobalSection
EndGlobal
