
Microsoft Visual Studio Solution File, Format Version 12.00
# Visual Studio Express 2012 for Web
Project("{FAE04EC0-301F-11D3-BF4B-00C04F79EFBC}") = "Fuelman", "Fuelman\Fuelman.csproj", "{53900755-03F1-49E5-ACAF-D830FA530216}"
EndProject
Project("{FAE04EC0-301F-11D3-BF4B-00C04F79EFBC}") = "Fuelman.Test", "Fuelman.Test\Fuelman.Test.csproj", "{1304DBAE-17E5-457E-9C39-DA486C37B2E4}"
EndProject
Global
	GlobalSection(SolutionConfigurationPlatforms) = preSolution
		Debug|Any CPU = Debug|Any CPU
		Release|Any CPU = Release|Any CPU
	EndGlobalSection
	GlobalSection(ProjectConfigurationPlatforms) = postSolution
		{53900755-03F1-49E5-ACAF-D830FA530216}.Debug|Any CPU.ActiveCfg = Debug|Any CPU
		{53900755-03F1-49E5-ACAF-D830FA530216}.Debug|Any CPU.Build.0 = Debug|Any CPU
		{53900755-03F1-49E5-ACAF-D830FA530216}.Release|Any CPU.ActiveCfg = Release|Any CPU
		{53900755-03F1-49E5-ACAF-D830FA530216}.Release|Any CPU.Build.0 = Release|Any CPU
		{1304DBAE-17E5-457E-9C39-DA486C37B2E4}.Debug|Any CPU.ActiveCfg = Debug|Any CPU
		{1304DBAE-17E5-457E-9C39-DA486C37B2E4}.Debug|Any CPU.Build.0 = Debug|Any CPU
		{1304DBAE-17E5-457E-9C39-DA486C37B2E4}.Release|Any CPU.ActiveCfg = Release|Any CPU
		{1304DBAE-17E5-457E-9C39-DA486C37B2E4}.Release|Any CPU.Build.0 = Release|Any CPU
	EndGlobalSection
	GlobalSection(SolutionProperties) = preSolution
		HideSolutionNode = FALSE
	EndGlobalSection
EndGlobal
